// !$*UTF8*$!
{
	archiveVersion = 1;
	classes = {
	};
	objectVersion = 50;
	objects = {

/* Begin PBXBuildFile section */
		EE672D1E26D263CB007B6313 /* AppDelegate.swift in Sources */ = {isa = PBXBuildFile; fileRef = EE672D1D26D263CB007B6313 /* AppDelegate.swift */; };
		EE672D2026D263CB007B6313 /* SceneDelegate.swift in Sources */ = {isa = PBXBuildFile; fileRef = EE672D1F26D263CB007B6313 /* SceneDelegate.swift */; };
		EE672D2226D263CB007B6313 /* ViewController.swift in Sources */ = {isa = PBXBuildFile; fileRef = EE672D2126D263CB007B6313 /* ViewController.swift */; };
		EE672D2526D263CB007B6313 /* Main.storyboard in Resources */ = {isa = PBXBuildFile; fileRef = EE672D2326D263CB007B6313 /* Main.storyboard */; };
		EE672D2826D263CB007B6313 /* coretodo.xcdatamodeld in Sources */ = {isa = PBXBuildFile; fileRef = EE672D2626D263CB007B6313 /* coretodo.xcdatamodeld */; };
		EE672D2A26D263CC007B6313 /* Assets.xcassets in Resources */ = {isa = PBXBuildFile; fileRef = EE672D2926D263CC007B6313 /* Assets.xcassets */; };
		EE672D2D26D263CC007B6313 /* LaunchScreen.storyboard in Resources */ = {isa = PBXBuildFile; fileRef = EE672D2B26D263CC007B6313 /* LaunchScreen.storyboard */; };
/* End PBXBuildFile section */

/* Begin PBXFileReference section */
		EE672D1A26D263CB007B6313 /* coretodo.app */ = {isa = PBXFileReference; explicitFileType = wrapper.application; includeInIndex = 0; path = coretodo.app; sourceTree = BUILT_PRODUCTS_DIR; };
		EE672D1D26D263CB007B6313 /* AppDelegate.swift */ = {isa = PBXFileReference; lastKnownFileType = sourcecode.swift; path = AppDelegate.swift; sourceTree = "<group>"; };
		EE672D1F26D263CB007B6313 /* SceneDelegate.swift */ = {isa = PBXFileReference; lastKnownFileType = sourcecode.swift; path = SceneDelegate.swift; sourceTree = "<group>"; };
		EE672D2126D263CB007B6313 /* ViewController.swift */ = {isa = PBXFileReference; lastKnownFileType = sourcecode.swift; path = ViewController.swift; sourceTree = "<group>"; };
		EE672D2426D263CB007B6313 /* Base */ = {isa = PBXFileReference; lastKnownFileType = file.storyboard; name = Base; path = Base.lproj/Main.storyboard; sourceTree = "<group>"; };
		EE672D2726D263CB007B6313 /* coretodo.xcdatamodel */ = {isa = PBXFileReference; lastKnownFileType = wrapper.xcdatamodel; path = coretodo.xcdatamodel; sourceTree = "<group>"; };
		EE672D2926D263CC007B6313 /* Assets.xcassets */ = {isa = PBXFileReference; lastKnownFileType = folder.assetcatalog; path = Assets.xcassets; sourceTree = "<group>"; };
		EE672D2C26D263CC007B6313 /* Base */ = {isa = PBXFileReference; lastKnownFileType = file.storyboard; name = Base; path = Base.lproj/LaunchScreen.storyboard; sourceTree = "<group>"; };
		EE672D2E26D263CC007B6313 /* Info.plist */ = {isa = PBXFileReference; lastKnownFileType = text.plist.xml; path = Info.plist; sourceTree = "<group>"; };
/* End PBXFileReference section */

/* Begin PBXFrameworksBuildPhase section */
		EE672D1726D263CB007B6313 /* Frameworks */ = {
			isa = PBXFrameworksBuildPhase;
			buildActionMask = 2147483647;
			files = (
			);
			runOnlyForDeploymentPostprocessing = 0;
		};
/* End PBXFrameworksBuildPhase section */

/* Begin PBXGroup section */
		EE672D1126D263CB007B6313 = {
			isa = PBXGroup;
			children = (
				EE672D1C26D263CB007B6313 /* coretodo */,
				EE672D1B26D263CB007B6313 /* Products */,
			);
			sourceTree = "<group>";
		};
		EE672D1B26D263CB007B6313 /* Products */ = {
			isa = PBXGroup;
			children = (
				EE672D1A26D263CB007B6313 /* coretodo.app */,
			);
			name = Products;
			sourceTree = "<group>";
		};
		EE672D1C26D263CB007B6313 /* coretodo */ = {
			isa = PBXGroup;
			children = (
				EE672D1D26D263CB007B6313 /* AppDelegate.swift */,
				EE672D1F26D263CB007B6313 /* SceneDelegate.swift */,
				EE672D2126D263CB007B6313 /* ViewController.swift */,
				EE672D2326D263CB007B6313 /* Main.storyboard */,
				EE672D2926D263CC007B6313 /* Assets.xcassets */,
				EE672D2B26D263CC007B6313 /* LaunchScreen.storyboard */,
				EE672D2E26D263CC007B6313 /* Info.plist */,
				EE672D2626D263CB007B6313 /* coretodo.xcdatamodeld */,
			);
			path = coretodo;
			sourceTree = "<group>";
		};
/* End PBXGroup section */

/* Begin PBXNativeTarget section */
		EE672D1926D263CB007B6313 /* coretodo */ = {
			isa = PBXNativeTarget;
			buildConfigurationList = EE672D3126D263CC007B6313 /* Build configuration list for PBXNativeTarget "coretodo" */;
			buildPhases = (
				EE672D1626D263CB007B6313 /* Sources */,
				EE672D1726D263CB007B6313 /* Frameworks */,
				EE672D1826D263CB007B6313 /* Resources */,
			);
			buildRules = (
			);
			dependencies = (
			);
			name = coretodo;
			productName = coretodo;
			productReference = EE672D1A26D263CB007B6313 /* coretodo.app */;
			productType = "com.apple.product-type.application";
		};
/* End PBXNativeTarget section */

/* Begin PBXProject section */
		EE672D1226D263CB007B6313 /* Project object */ = {
			isa = PBXProject;
			attributes = {
				LastSwiftUpdateCheck = 1250;
				LastUpgradeCheck = 1250;
				TargetAttributes = {
					EE672D1926D263CB007B6313 = {
						CreatedOnToolsVersion = 12.5.1;
					};
				};
			};
			buildConfigurationList = EE672D1526D263CB007B6313 /* Build configuration list for PBXProject "coretodo" */;
			compatibilityVersion = "Xcode 9.3";
			developmentRegion = en;
			hasScannedForEncodings = 0;
			knownRegions = (
				en,
				Base,
			);
			mainGroup = EE672D1126D263CB007B6313;
			productRefGroup = EE672D1B26D263CB007B6313 /* Products */;
			projectDirPath = "";
			projectRoot = "";
			targets = (
				EE672D1926D263CB007B6313 /* coretodo */,
			);
		};
/* End PBXProject section */

/* Begin PBXResourcesBuildPhase section */
		EE672D1826D263CB007B6313 /* Resources */ = {
			isa = PBXResourcesBuildPhase;
			buildActionMask = 2147483647;
			files = (
				EE672D2D26D263CC007B6313 /* LaunchScreen.storyboard in Resources */,
				EE672D2A26D263CC007B6313 /* Assets.xcassets in Resources */,
				EE672D2526D263CB007B6313 /* Main.storyboard in Resources */,
			);
			runOnlyForDeploymentPostprocessing = 0;
		};
/* End PBXResourcesBuildPhase section */

/* Begin PBXSourcesBuildPhase section */
		EE672D1626D263CB007B6313 /* Sources */ = {
			isa = PBXSourcesBuildPhase;
			buildActionMask = 2147483647;
			files = (
				EE672D2826D263CB007B6313 /* coretodo.xcdatamodeld in Sources */,
				EE672D2226D263CB007B6313 /* ViewController.swift in Sources */,
				EE672D1E26D263CB007B6313 /* AppDelegate.swift in Sources */,
				EE672D2026D263CB007B6313 /* SceneDelegate.swift in Sources */,
			);
			runOnlyForDeploymentPostprocessing = 0;
		};
/* End PBXSourcesBuildPhase section */

/* Begin PBXVariantGroup section */
		EE672D2326D263CB007B6313 /* Main.storyboard */ = {
			isa = PBXVariantGroup;
			children = (
				EE672D2426D263CB007B6313 /* Base */,
			);
			name = Main.storyboard;
			sourceTree = "<group>";
		};
		EE672D2B26D263CC007B6313 /* LaunchScreen.storyboard */ = {
			isa = PBXVariantGroup;
			children = (
				EE672D2C26D263CC007B6313 /* Base */,
			);
			name = LaunchScreen.storyboard;
			sourceTree = "<group>";
		};
/* End PBXVariantGroup section */

/* Begin XCBuildConfiguration section */
		EE672D2F26D263CC007B6313 /* Debug */ = {
			isa = XCBuildConfiguration;
			buildSettings = {
				ALWAYS_SEARCH_USER_PATHS = NO;
				CLANG_ANALYZER_NONNULL = YES;
				CLANG_ANALYZER_NUMBER_OBJECT_CONVERSION = YES_AGGRESSIVE;
				CLANG_CXX_LANGUAGE_STANDARD = "gnu++14";
				CLANG_CXX_LIBRARY = "libc++";
				CLANG_ENABLE_MODULES = YES;
				CLANG_ENABLE_OBJC_ARC = YES;
				CLANG_ENABLE_OBJC_WEAK = YES;
				CLANG_WARN_BLOCK_CAPTURE_AUTORELEASING = YES;
				CLANG_WARN_BOOL_CONVERSION = YES;
				CLANG_WARN_COMMA = YES;
				CLANG_WARN_CONSTANT_CONVERSION = YES;
				CLANG_WARN_DEPRECATED_OBJC_IMPLEMENTATIONS = YES;
				CLANG_WARN_DIRECT_OBJC_ISA_USAGE = YES_ERROR;
				CLANG_WARN_DOCUMENTATION_COMMENTS = YES;
				CLANG_WARN_EMPTY_BODY = YES;
				CLANG_WARN_ENUM_CONVERSION = YES;
				CLANG_WARN_INFINITE_RECURSION = YES;
				CLANG_WARN_INT_CONVERSION = YES;
				CLANG_WARN_NON_LITERAL_NULL_CONVERSION = YES;
				CLANG_WARN_OBJC_IMPLICIT_RETAIN_SELF = YES;
				CLANG_WARN_OBJC_LITERAL_CONVERSION = YES;
				CLANG_WARN_OBJC_ROOT_CLASS = YES_ERROR;
				CLANG_WARN_QUOTED_INCLUDE_IN_FRAMEWORK_HEADER = YES;
				CLANG_WARN_RANGE_LOOP_ANALYSIS = YES;
				CLANG_WARN_STRICT_PROTOTYPES = YES;
				CLANG_WARN_SUSPICIOUS_MOVE = YES;
				CLANG_WARN_UNGUARDED_AVAILABILITY = YES_AGGRESSIVE;
				CLANG_WARN_UNREACHABLE_CODE = YES;
				CLANG_WARN__DUPLICATE_METHOD_MATCH = YES;
				COPY_PHASE_STRIP = NO;
				DEBUG_INFORMATION_FORMAT = dwarf;
				ENABLE_STRICT_OBJC_MSGSEND = YES;
				ENABLE_TESTABILITY = YES;
				GCC_C_LANGUAGE_STANDARD = gnu11;
				GCC_DYNAMIC_NO_PIC = NO;
				GCC_NO_COMMON_BLOCKS = YES;
				GCC_OPTIMIZATION_LEVEL = 0;
				GCC_PREPROCESSOR_DEFINITIONS = (
					"DEBUG=1",
					"$(inherited)",
				);
				GCC_WARN_64_TO_32_BIT_CONVERSION = YES;
				GCC_WARN_ABOUT_RETURN_TYPE = YES_ERROR;
				GCC_WARN_UNDECLARED_SELECTOR = YES;
				GCC_WARN_UNINITIALIZED_AUTOS = YES_AGGRESSIVE;
				GCC_WARN_UNUSED_FUNCTION = YES;
				GCC_WARN_UNUSED_VARIABLE = YES;
				IPHONEOS_DEPLOYMENT_TARGET = 14.5;
				MTL_ENABLE_DEBUG_INFO = INCLUDE_SOURCE;
				MTL_FAST_MATH = YES;
				ONLY_ACTIVE_ARCH = YES;
				SDKROOT = iphoneos;
				SWIFT_ACTIVE_COMPILATION_CONDITIONS = DEBUG;
				SWIFT_OPTIMIZATION_LEVEL = "-Onone";
			};
			name = Debug;
		};
		EE672D3026D263CC007B6313 /* Release */ = {
			isa = XCBuildConfiguration;
			buildSettings = {
				ALWAYS_SEARCH_USER_PATHS = NO;
				CLANG_ANALYZER_NONNULL = YES;
				CLANG_ANALYZER_NUMBER_OBJECT_CONVERSION = YES_AGGRESSIVE;
				CLANG_CXX_LANGUAGE_STANDARD = "gnu++14";
				CLANG_CXX_LIBRARY = "libc++";
				CLANG_ENABLE_MODULES = YES;
				CLANG_ENABLE_OBJC_ARC = YES;
				CLANG_ENABLE_OBJC_WEAK = YES;
				CLANG_WARN_BLOCK_CAPTURE_AUTORELEASING = YES;
				CLANG_WARN_BOOL_CONVERSION = YES;
				CLANG_WARN_COMMA = YES;
				CLANG_WARN_CONSTANT_CONVERSION = YES;
				CLANG_WARN_DEPRECATED_OBJC_IMPLEMENTATIONS = YES;
				CLANG_WARN_DIRECT_OBJC_ISA_USAGE = YES_ERROR;
				CLANG_WARN_DOCUMENTATION_COMMENTS = YES;
				CLANG_WARN_EMPTY_BODY = YES;
				CLANG_WARN_ENUM_CONVERSION = YES;
				CLANG_WARN_INFINITE_RECURSION = YES;
				CLANG_WARN_INT_CONVERSION = YES;
				CLANG_WARN_NON_LITERAL_NULL_CONVERSION = YES;
				CLANG_WARN_OBJC_IMPLICIT_RETAIN_SELF = YES;
				CLANG_WARN_OBJC_LITERAL_CONVERSION = YES;
				CLANG_WARN_OBJC_ROOT_CLASS = YES_ERROR;
				CLANG_WARN_QUOTED_INCLUDE_IN_FRAMEWORK_HEADER = YES;
				CLANG_WARN_RANGE_LOOP_ANALYSIS = YES;
				CLANG_WARN_STRICT_PROTOTYPES = YES;
				CLANG_WARN_SUSPICIOUS_MOVE = YES;
				CLANG_WARN_UNGUARDED_AVAILABILITY = YES_AGGRESSIVE;
				CLANG_WARN_UNREACHABLE_CODE = YES;
				CLANG_WARN__DUPLICATE_METHOD_MATCH = YES;
				COPY_PHASE_STRIP = NO;
				DEBUG_INFORMATION_FORMAT = "dwarf-with-dsym";
				ENABLE_NS_ASSERTIONS = NO;
				ENABLE_STRICT_OBJC_MSGSEND = YES;
				GCC_C_LANGUAGE_STANDARD = gnu11;
				GCC_NO_COMMON_BLOCKS = YES;
				GCC_WARN_64_TO_32_BIT_CONVERSION = YES;
				GCC_WARN_ABOUT_RETURN_TYPE = YES_ERROR;
				GCC_WARN_UNDECLARED_SELECTOR = YES;
				GCC_WARN_UNINITIALIZED_AUTOS = YES_AGGRESSIVE;
				GCC_WARN_UNUSED_FUNCTION = YES;
				GCC_WARN_UNUSED_VARIABLE = YES;
				IPHONEOS_DEPLOYMENT_TARGET = 14.5;
				MTL_ENABLE_DEBUG_INFO = NO;
				MTL_FAST_MATH = YES;
				SDKROOT = iphoneos;
				SWIFT_COMPILATION_MODE = wholemodule;
				SWIFT_OPTIMIZATION_LEVEL = "-O";
				VALIDATE_PRODUCT = YES;
			};
			name = Release;
		};
		EE672D3226D263CC007B6313 /* Debug */ = {
			isa = XCBuildConfiguration;
			buildSettings = {
				ASSETCATALOG_COMPILER_APPICON_NAME = AppIcon;
				ASSETCATALOG_COMPILER_GLOBAL_ACCENT_COLOR_NAME = AccentColor;
				CODE_SIGN_STYLE = Automatic;
				DEVELOPMENT_TEAM = 9C3YYD2ZUU;
				INFOPLIST_FILE = coretodo/Info.plist;
				LD_RUNPATH_SEARCH_PATHS = (
					"$(inherited)",
					"@executable_path/Frameworks",
				);
				PRODUCT_BUNDLE_IDENTIFIER = ZhingelStas.coretodo;
				PRODUCT_NAME = "$(TARGET_NAME)";
				SWIFT_VERSION = 5.0;
				TARGETED_DEVICE_FAMILY = "1,2";
			};
			name = Debug;
		};
		EE672D3326D263CC007B6313 /* Release */ = {
			isa = XCBuildConfiguration;
			buildSettings = {
				ASSETCATALOG_COMPILER_APPICON_NAME = AppIcon;
				ASSETCATALOG_COMPILER_GLOBAL_ACCENT_COLOR_NAME = AccentColor;
				CODE_SIGN_STYLE = Automatic;
				DEVELOPMENT_TEAM = 9C3YYD2ZUU;
				INFOPLIST_FILE = coretodo/Info.plist;
				LD_RUNPATH_SEARCH_PATHS = (
					"$(inherited)",
					"@executable_path/Frameworks",
				);
				PRODUCT_BUNDLE_IDENTIFIER = ZhingelStas.coretodo;
				PRODUCT_NAME = "$(TARGET_NAME)";
				SWIFT_VERSION = 5.0;
				TARGETED_DEVICE_FAMILY = "1,2";
			};
			name = Release;
		};
/* End XCBuildConfiguration section */

/* Begin XCConfigurationList section */
		EE672D1526D263CB007B6313 /* Build configuration list for PBXProject "coretodo" */ = {
			isa = XCConfigurationList;
			buildConfigurations = (
				EE672D2F26D263CC007B6313 /* Debug */,
				EE672D3026D263CC007B6313 /* Release */,
			);
			defaultConfigurationIsVisible = 0;
			defaultConfigurationName = Release;
		};
		EE672D3126D263CC007B6313 /* Build configuration list for PBXNativeTarget "coretodo" */ = {
			isa = XCConfigurationList;
			buildConfigurations = (
				EE672D3226D263CC007B6313 /* Debug */,
				EE672D3326D263CC007B6313 /* Release */,
			);
			defaultConfigurationIsVisible = 0;
			defaultConfigurationName = Release;
		};
/* End XCConfigurationList section */

/* Begin XCVersionGroup section */
		EE672D2626D263CB007B6313 /* coretodo.xcdatamodeld */ = {
			isa = XCVersionGroup;
			children = (
				EE672D2726D263CB007B6313 /* coretodo.xcdatamodel */,
			);
			currentVersion = EE672D2726D263CB007B6313 /* coretodo.xcdatamodel */;
			path = coretodo.xcdatamodeld;
			sourceTree = "<group>";
			versionGroupType = wrapper.xcdatamodel;
		};
/* End XCVersionGroup section */
	};
	rootObject = EE672D1226D263CB007B6313 /* Project object */;
}
